
Microsoft Visual Studio Solution File, Format Version 12.00
# Visual Studio Version 17
VisualStudioVersion = 17.0.31912.275
MinimumVisualStudioVersion = 10.0.40219.1
Project("{9A19103F-16F7-4668-BE54-9A1E7A4F7556}") = "ECommerce.Bootstrapper", "src\Bootstrapper\ECommerce.Bootstrapper\ECommerce.Bootstrapper.csproj", "{9CDD8D78-EFBC-4809-827A-EB6E7FFB4E41}"
EndProject
Project("{2150E333-8FDC-42A3-9474-1A3956D46DE8}") = "Bootstrapper", "Bootstrapper", "{6388238F-AF88-4FB0-AB5D-B7AEA6931009}"
EndProject
Project("{2150E333-8FDC-42A3-9474-1A3956D46DE8}") = "src", "src", "{C5DB0196-2CDC-4F14-8165-7F0057EC13A4}"
EndProject
Project("{2150E333-8FDC-42A3-9474-1A3956D46DE8}") = "tests", "tests", "{13D2D8A4-45DF-439E-A312-9C9D2D47FF8C}"
EndProject
Project("{2150E333-8FDC-42A3-9474-1A3956D46DE8}") = "Modules", "Modules", "{65ED8912-3851-49EB-A588-822FEBE0E8E7}"
EndProject
Project("{2150E333-8FDC-42A3-9474-1A3956D46DE8}") = "Shared", "Shared", "{C8D9557E-542B-4F77-B26B-88C2976C0F66}"
EndProject
Project("{9A19103F-16F7-4668-BE54-9A1E7A4F7556}") = "ECommerce.Shared.Abstractions", "src\Shared\ECommerce.Shared.Abstractions\ECommerce.Shared.Abstractions.csproj", "{B00B264B-248A-4E11-9A4B-96C45FE15449}"
EndProject
Project("{9A19103F-16F7-4668-BE54-9A1E7A4F7556}") = "ECommerce.Shared.Infrastructure", "src\Shared\ECommerce.Shared.Infrastructure\ECommerce.Shared.Infrastructure.csproj", "{C498D6F6-ADB8-4140-A716-CEB7AC5006BE}"
EndProject
Project("{9A19103F-16F7-4668-BE54-9A1E7A4F7556}") = "ECommerce.Shared.Tests", "src\Shared\ECommerce.Shared.Tests\ECommerce.Shared.Tests.csproj", "{0DAE7E96-7FED-4183-BA3D-62F3AD68AE8D}"
EndProject
Project("{9A19103F-16F7-4668-BE54-9A1E7A4F7556}") = "ECommerce.Modules.Currencies.Api", "src\Modules\Currencies\ECommerce.Modules.Currencies.Api\ECommerce.Modules.Currencies.Api.csproj", "{FEB8A6A9-8346-4267-8FFF-61076C3E2EC8}"
EndProject
Project("{9A19103F-16F7-4668-BE54-9A1E7A4F7556}") = "ECommerce.Modules.Currencies.Core", "src\Modules\Currencies\ECommerce.Modules.Currencies.Core\ECommerce.Modules.Currencies.Core.csproj", "{EC484DE3-C360-49BA-B5B3-3EE87C35791F}"
EndProject
Project("{2150E333-8FDC-42A3-9474-1A3956D46DE8}") = "Currencies", "Currencies", "{1A647363-51CA-414E-B366-59E39173903C}"
EndProject
Project("{2150E333-8FDC-42A3-9474-1A3956D46DE8}") = "Modules", "Modules", "{F1F9DF9E-971B-49AF-BCA7-D20907179745}"
EndProject
Project("{2150E333-8FDC-42A3-9474-1A3956D46DE8}") = "Currencies", "Currencies", "{B1106311-C381-4699-8DA7-7A9BBAB8A8A1}"
EndProject
Project("{2150E333-8FDC-42A3-9474-1A3956D46DE8}") = "Users", "Users", "{87E44BC2-A76C-4D07-9BE2-E08093DCA4C1}"
EndProject
Project("{9A19103F-16F7-4668-BE54-9A1E7A4F7556}") = "ECommerce.Modules.Users.Api", "src\Modules\Users\ECommerce.Modules.Users.Api\ECommerce.Modules.Users.Api.csproj", "{39CD4571-632E-4A39-B60A-DE1E7C25AD40}"
EndProject
Project("{9A19103F-16F7-4668-BE54-9A1E7A4F7556}") = "ECommerce.Modules.Users.Core", "src\Modules\Users\ECommerce.Modules.Users.Core\ECommerce.Modules.Users.Core.csproj", "{D8B6E36F-2453-4634-A231-6B5B74370291}"
EndProject
Project("{9A19103F-16F7-4668-BE54-9A1E7A4F7556}") = "ECommerce.Modules.Currencies.Tests.Unit", "tests\Modules\Currencies\ECommerce.Modules.Currencies.Tests.Unit\ECommerce.Modules.Currencies.Tests.Unit.csproj", "{B5038DBB-F77D-41F5-A372-5B97160F0FB6}"
EndProject
Project("{2150E333-8FDC-42A3-9474-1A3956D46DE8}") = "Items", "Items", "{D498AFA5-B135-447B-8580-11FDD22FB692}"
EndProject
Project("{9A19103F-16F7-4668-BE54-9A1E7A4F7556}") = "ECommerce.Modules.Items.Api", "src\Modules\Items\ECommerce.Modules.Items.Api\ECommerce.Modules.Items.Api.csproj", "{B8A265C0-8DD7-4047-9585-2FF49B714396}"
EndProject
Project("{9A19103F-16F7-4668-BE54-9A1E7A4F7556}") = "ECommerce.Modules.Items.Domain", "src\Modules\Items\ECommerce.Modules.Items.Domain\ECommerce.Modules.Items.Domain.csproj", "{681F0D00-EC32-49D6-9E20-EC93DA8B8BC0}"
EndProject
Project("{9A19103F-16F7-4668-BE54-9A1E7A4F7556}") = "ECommerce.Modules.Items.Application", "src\Modules\Items\ECommerce.Modules.Items.Application\ECommerce.Modules.Items.Application.csproj", "{66C2C671-7FD6-4D7C-9D94-347745F31689}"
EndProject
Project("{9A19103F-16F7-4668-BE54-9A1E7A4F7556}") = "ECommerce.Modules.Items.Infrastructure", "src\Modules\Items\ECommerce.Modules.Items.Infrastructure\ECommerce.Modules.Items.Infrastructure.csproj", "{F1CE727E-4A5F-4B67-9C55-D767F5A20106}"
EndProject
Project("{FAE04EC0-301F-11D3-BF4B-00C04F79EFBC}") = "ECommerce.Modules.Currencies.Tests.Integration", "tests\Modules\Currencies\ECommerce.Modules.Currencies.Tests.Integration\ECommerce.Modules.Currencies.Tests.Integration.csproj", "{BCA36D42-BA08-4014-B185-D56E74C47F4F}"
EndProject
Global
	GlobalSection(SolutionConfigurationPlatforms) = preSolution
		Debug|Any CPU = Debug|Any CPU
		Release|Any CPU = Release|Any CPU
	EndGlobalSection
	GlobalSection(ProjectConfigurationPlatforms) = postSolution
		{9CDD8D78-EFBC-4809-827A-EB6E7FFB4E41}.Debug|Any CPU.ActiveCfg = Debug|Any CPU
		{9CDD8D78-EFBC-4809-827A-EB6E7FFB4E41}.Debug|Any CPU.Build.0 = Debug|Any CPU
		{9CDD8D78-EFBC-4809-827A-EB6E7FFB4E41}.Release|Any CPU.ActiveCfg = Release|Any CPU
		{9CDD8D78-EFBC-4809-827A-EB6E7FFB4E41}.Release|Any CPU.Build.0 = Release|Any CPU
		{B00B264B-248A-4E11-9A4B-96C45FE15449}.Debug|Any CPU.ActiveCfg = Debug|Any CPU
		{B00B264B-248A-4E11-9A4B-96C45FE15449}.Debug|Any CPU.Build.0 = Debug|Any CPU
		{B00B264B-248A-4E11-9A4B-96C45FE15449}.Release|Any CPU.ActiveCfg = Release|Any CPU
		{B00B264B-248A-4E11-9A4B-96C45FE15449}.Release|Any CPU.Build.0 = Release|Any CPU
		{C498D6F6-ADB8-4140-A716-CEB7AC5006BE}.Debug|Any CPU.ActiveCfg = Debug|Any CPU
		{C498D6F6-ADB8-4140-A716-CEB7AC5006BE}.Debug|Any CPU.Build.0 = Debug|Any CPU
		{C498D6F6-ADB8-4140-A716-CEB7AC5006BE}.Release|Any CPU.ActiveCfg = Release|Any CPU
		{C498D6F6-ADB8-4140-A716-CEB7AC5006BE}.Release|Any CPU.Build.0 = Release|Any CPU
		{0DAE7E96-7FED-4183-BA3D-62F3AD68AE8D}.Debug|Any CPU.ActiveCfg = Debug|Any CPU
		{0DAE7E96-7FED-4183-BA3D-62F3AD68AE8D}.Debug|Any CPU.Build.0 = Debug|Any CPU
		{0DAE7E96-7FED-4183-BA3D-62F3AD68AE8D}.Release|Any CPU.ActiveCfg = Release|Any CPU
		{0DAE7E96-7FED-4183-BA3D-62F3AD68AE8D}.Release|Any CPU.Build.0 = Release|Any CPU
		{FEB8A6A9-8346-4267-8FFF-61076C3E2EC8}.Debug|Any CPU.ActiveCfg = Debug|Any CPU
		{FEB8A6A9-8346-4267-8FFF-61076C3E2EC8}.Debug|Any CPU.Build.0 = Debug|Any CPU
		{FEB8A6A9-8346-4267-8FFF-61076C3E2EC8}.Release|Any CPU.ActiveCfg = Release|Any CPU
		{FEB8A6A9-8346-4267-8FFF-61076C3E2EC8}.Release|Any CPU.Build.0 = Release|Any CPU
		{EC484DE3-C360-49BA-B5B3-3EE87C35791F}.Debug|Any CPU.ActiveCfg = Debug|Any CPU
		{EC484DE3-C360-49BA-B5B3-3EE87C35791F}.Debug|Any CPU.Build.0 = Debug|Any CPU
		{EC484DE3-C360-49BA-B5B3-3EE87C35791F}.Release|Any CPU.ActiveCfg = Release|Any CPU
		{EC484DE3-C360-49BA-B5B3-3EE87C35791F}.Release|Any CPU.Build.0 = Release|Any CPU
		{39CD4571-632E-4A39-B60A-DE1E7C25AD40}.Debug|Any CPU.ActiveCfg = Debug|Any CPU
		{39CD4571-632E-4A39-B60A-DE1E7C25AD40}.Debug|Any CPU.Build.0 = Debug|Any CPU
		{39CD4571-632E-4A39-B60A-DE1E7C25AD40}.Release|Any CPU.ActiveCfg = Release|Any CPU
		{39CD4571-632E-4A39-B60A-DE1E7C25AD40}.Release|Any CPU.Build.0 = Release|Any CPU
		{D8B6E36F-2453-4634-A231-6B5B74370291}.Debug|Any CPU.ActiveCfg = Debug|Any CPU
		{D8B6E36F-2453-4634-A231-6B5B74370291}.Debug|Any CPU.Build.0 = Debug|Any CPU
		{D8B6E36F-2453-4634-A231-6B5B74370291}.Release|Any CPU.ActiveCfg = Release|Any CPU
		{D8B6E36F-2453-4634-A231-6B5B74370291}.Release|Any CPU.Build.0 = Release|Any CPU
		{B5038DBB-F77D-41F5-A372-5B97160F0FB6}.Debug|Any CPU.ActiveCfg = Debug|Any CPU
		{B5038DBB-F77D-41F5-A372-5B97160F0FB6}.Debug|Any CPU.Build.0 = Debug|Any CPU
		{B5038DBB-F77D-41F5-A372-5B97160F0FB6}.Release|Any CPU.ActiveCfg = Release|Any CPU
		{B5038DBB-F77D-41F5-A372-5B97160F0FB6}.Release|Any CPU.Build.0 = Release|Any CPU
		{B8A265C0-8DD7-4047-9585-2FF49B714396}.Debug|Any CPU.ActiveCfg = Debug|Any CPU
		{B8A265C0-8DD7-4047-9585-2FF49B714396}.Debug|Any CPU.Build.0 = Debug|Any CPU
		{B8A265C0-8DD7-4047-9585-2FF49B714396}.Release|Any CPU.ActiveCfg = Release|Any CPU
		{B8A265C0-8DD7-4047-9585-2FF49B714396}.Release|Any CPU.Build.0 = Release|Any CPU
		{681F0D00-EC32-49D6-9E20-EC93DA8B8BC0}.Debug|Any CPU.ActiveCfg = Debug|Any CPU
		{681F0D00-EC32-49D6-9E20-EC93DA8B8BC0}.Debug|Any CPU.Build.0 = Debug|Any CPU
		{681F0D00-EC32-49D6-9E20-EC93DA8B8BC0}.Release|Any CPU.ActiveCfg = Release|Any CPU
		{681F0D00-EC32-49D6-9E20-EC93DA8B8BC0}.Release|Any CPU.Build.0 = Release|Any CPU
		{66C2C671-7FD6-4D7C-9D94-347745F31689}.Debug|Any CPU.ActiveCfg = Debug|Any CPU
		{66C2C671-7FD6-4D7C-9D94-347745F31689}.Debug|Any CPU.Build.0 = Debug|Any CPU
		{66C2C671-7FD6-4D7C-9D94-347745F31689}.Release|Any CPU.ActiveCfg = Release|Any CPU
		{66C2C671-7FD6-4D7C-9D94-347745F31689}.Release|Any CPU.Build.0 = Release|Any CPU
		{F1CE727E-4A5F-4B67-9C55-D767F5A20106}.Debug|Any CPU.ActiveCfg = Debug|Any CPU
		{F1CE727E-4A5F-4B67-9C55-D767F5A20106}.Debug|Any CPU.Build.0 = Debug|Any CPU
		{F1CE727E-4A5F-4B67-9C55-D767F5A20106}.Release|Any CPU.ActiveCfg = Release|Any CPU
		{F1CE727E-4A5F-4B67-9C55-D767F5A20106}.Release|Any CPU.Build.0 = Release|Any CPU
		{BCA36D42-BA08-4014-B185-D56E74C47F4F}.Debug|Any CPU.ActiveCfg = Debug|Any CPU
		{BCA36D42-BA08-4014-B185-D56E74C47F4F}.Debug|Any CPU.Build.0 = Debug|Any CPU
		{BCA36D42-BA08-4014-B185-D56E74C47F4F}.Release|Any CPU.ActiveCfg = Release|Any CPU
		{BCA36D42-BA08-4014-B185-D56E74C47F4F}.Release|Any CPU.Build.0 = Release|Any CPU
	EndGlobalSection
	GlobalSection(SolutionProperties) = preSolution
		HideSolutionNode = FALSE
	EndGlobalSection
	GlobalSection(NestedProjects) = preSolution
		{9CDD8D78-EFBC-4809-827A-EB6E7FFB4E41} = {6388238F-AF88-4FB0-AB5D-B7AEA6931009}
		{6388238F-AF88-4FB0-AB5D-B7AEA6931009} = {C5DB0196-2CDC-4F14-8165-7F0057EC13A4}
		{65ED8912-3851-49EB-A588-822FEBE0E8E7} = {C5DB0196-2CDC-4F14-8165-7F0057EC13A4}
		{C8D9557E-542B-4F77-B26B-88C2976C0F66} = {C5DB0196-2CDC-4F14-8165-7F0057EC13A4}
		{B00B264B-248A-4E11-9A4B-96C45FE15449} = {C8D9557E-542B-4F77-B26B-88C2976C0F66}
		{C498D6F6-ADB8-4140-A716-CEB7AC5006BE} = {C8D9557E-542B-4F77-B26B-88C2976C0F66}
		{0DAE7E96-7FED-4183-BA3D-62F3AD68AE8D} = {C8D9557E-542B-4F77-B26B-88C2976C0F66}
		{FEB8A6A9-8346-4267-8FFF-61076C3E2EC8} = {1A647363-51CA-414E-B366-59E39173903C}
		{EC484DE3-C360-49BA-B5B3-3EE87C35791F} = {1A647363-51CA-414E-B366-59E39173903C}
		{1A647363-51CA-414E-B366-59E39173903C} = {65ED8912-3851-49EB-A588-822FEBE0E8E7}
		{F1F9DF9E-971B-49AF-BCA7-D20907179745} = {13D2D8A4-45DF-439E-A312-9C9D2D47FF8C}
		{B1106311-C381-4699-8DA7-7A9BBAB8A8A1} = {F1F9DF9E-971B-49AF-BCA7-D20907179745}
		{87E44BC2-A76C-4D07-9BE2-E08093DCA4C1} = {65ED8912-3851-49EB-A588-822FEBE0E8E7}
		{39CD4571-632E-4A39-B60A-DE1E7C25AD40} = {87E44BC2-A76C-4D07-9BE2-E08093DCA4C1}
		{D8B6E36F-2453-4634-A231-6B5B74370291} = {87E44BC2-A76C-4D07-9BE2-E08093DCA4C1}
		{B5038DBB-F77D-41F5-A372-5B97160F0FB6} = {B1106311-C381-4699-8DA7-7A9BBAB8A8A1}
		{D498AFA5-B135-447B-8580-11FDD22FB692} = {65ED8912-3851-49EB-A588-822FEBE0E8E7}
		{B8A265C0-8DD7-4047-9585-2FF49B714396} = {D498AFA5-B135-447B-8580-11FDD22FB692}
		{681F0D00-EC32-49D6-9E20-EC93DA8B8BC0} = {D498AFA5-B135-447B-8580-11FDD22FB692}
		{66C2C671-7FD6-4D7C-9D94-347745F31689} = {D498AFA5-B135-447B-8580-11FDD22FB692}
		{F1CE727E-4A5F-4B67-9C55-D767F5A20106} = {D498AFA5-B135-447B-8580-11FDD22FB692}
		{BCA36D42-BA08-4014-B185-D56E74C47F4F} = {B1106311-C381-4699-8DA7-7A9BBAB8A8A1}
	EndGlobalSection
	GlobalSection(ExtensibilityGlobals) = postSolution
		SolutionGuid = {40EE01B2-8BCD-4EB1-A86E-8CD4F43596B8}
	EndGlobalSection
EndGlobal
